
Microsoft Visual Studio Solution File, Format Version 12.00
# Visual Studio Version 17
VisualStudioVersion = 17.0.31903.59
MinimumVisualStudioVersion = 10.0.40219.1
Project("{2150E333-8FDC-42A3-9474-1A3956D46DE8}") = "backend", "backend", "{BB00D980-1F8A-4FED-81E4-EFCF82EC372D}"
EndProject
Project("{FAE04EC0-301F-11D3-BF4B-00C04F79EFBC}") = "WalletSystem.Domain", "WalletSystem.Domain\WalletSystem.Domain.csproj", "{F4F04693-9798-42A2-89EC-5B6BF53956AE}"
EndProject
Project("{FAE04EC0-301F-11D3-BF4B-00C04F79EFBC}") = "WalletSystem.Application", "WalletSystem.Application\WalletSystem.Application.csproj", "{5B6DFD72-3838-418D-B352-A6FBF520F01D}"
EndProject
Project("{FAE04EC0-301F-11D3-BF4B-00C04F79EFBC}") = "WalletSystem.Infrastructure", "WalletSystem.Infrastructure\WalletSystem.Infrastructure.csproj", "{A4B686BF-AD3D-4D4A-8AEF-5EC9373270C1}"
EndProject
Project("{FAE04EC0-301F-11D3-BF4B-00C04F79EFBC}") = "WalletSystem.Api", "WalletSystem.Api\WalletSystem.Api.csproj", "{C67C4BAC-B154-4F07-950A-08C272F3C9CA}"
EndProject
Global
	GlobalSection(SolutionConfigurationPlatforms) = preSolution
		Debug|Any CPU = Debug|Any CPU
		Release|Any CPU = Release|Any CPU
	EndGlobalSection
	GlobalSection(ProjectConfigurationPlatforms) = postSolution
		{F4F04693-9798-42A2-89EC-5B6BF53956AE}.Debug|Any CPU.ActiveCfg = Debug|Any CPU
		{F4F04693-9798-42A2-89EC-5B6BF53956AE}.Debug|Any CPU.Build.0 = Debug|Any CPU
		{F4F04693-9798-42A2-89EC-5B6BF53956AE}.Release|Any CPU.ActiveCfg = Release|Any CPU
		{F4F04693-9798-42A2-89EC-5B6BF53956AE}.Release|Any CPU.Build.0 = Release|Any CPU
		{5B6DFD72-3838-418D-B352-A6FBF520F01D}.Debug|Any CPU.ActiveCfg = Debug|Any CPU
		{5B6DFD72-3838-418D-B352-A6FBF520F01D}.Debug|Any CPU.Build.0 = Debug|Any CPU
		{5B6DFD72-3838-418D-B352-A6FBF520F01D}.Release|Any CPU.ActiveCfg = Release|Any CPU
		{5B6DFD72-3838-418D-B352-A6FBF520F01D}.Release|Any CPU.Build.0 = Release|Any CPU
		{A4B686BF-AD3D-4D4A-8AEF-5EC9373270C1}.Debug|Any CPU.ActiveCfg = Debug|Any CPU
		{A4B686BF-AD3D-4D4A-8AEF-5EC9373270C1}.Debug|Any CPU.Build.0 = Debug|Any CPU
		{A4B686BF-AD3D-4D4A-8AEF-5EC9373270C1}.Release|Any CPU.ActiveCfg = Release|Any CPU
		{A4B686BF-AD3D-4D4A-8AEF-5EC9373270C1}.Release|Any CPU.Build.0 = Release|Any CPU
		{C67C4BAC-B154-4F07-950A-08C272F3C9CA}.Debug|Any CPU.ActiveCfg = Debug|Any CPU
		{C67C4BAC-B154-4F07-950A-08C272F3C9CA}.Debug|Any CPU.Build.0 = Debug|Any CPU
		{C67C4BAC-B154-4F07-950A-08C272F3C9CA}.Release|Any CPU.ActiveCfg = Release|Any CPU
		{C67C4BAC-B154-4F07-950A-08C272F3C9CA}.Release|Any CPU.Build.0 = Release|Any CPU
	EndGlobalSection
	GlobalSection(SolutionProperties) = preSolution
		HideSolutionNode = FALSE
	EndGlobalSection
	GlobalSection(NestedProjects) = preSolution
		{F4F04693-9798-42A2-89EC-5B6BF53956AE} = {BB00D980-1F8A-4FED-81E4-EFCF82EC372D}
		{5B6DFD72-3838-418D-B352-A6FBF520F01D} = {BB00D980-1F8A-4FED-81E4-EFCF82EC372D}
		{A4B686BF-AD3D-4D4A-8AEF-5EC9373270C1} = {BB00D980-1F8A-4FED-81E4-EFCF82EC372D}
		{C67C4BAC-B154-4F07-950A-08C272F3C9CA} = {BB00D980-1F8A-4FED-81E4-EFCF82EC372D}
	EndGlobalSection
EndGlobal
