
Microsoft Visual Studio Solution File, Format Version 12.00
# Visual Studio Version 17
VisualStudioVersion = 17.0.31903.59
MinimumVisualStudioVersion = 10.0.40219.1
Project("{2150E333-8FDC-42A3-9474-1A3956D46DE8}") = "backend", "backend", "{BB00D980-1F8A-4FED-81E4-EFCF82EC372D}"
EndProject
Project("{FAE04EC0-301F-11D3-BF4B-00C04F79EFBC}") = "WalletSystem.Domain", "WalletSystem.Domain\WalletSystem.Domain.csproj", "{F4F04693-9798-42A2-89EC-5B6BF53956AE}"
EndProject
Project("{FAE04EC0-301F-11D3-BF4B-00C04F79EFBC}") = "WalletSystem.Application", "WalletSystem.Application\WalletSystem.Application.csproj", "{5B6DFD72-3838-418D-B352-A6FBF520F01D}"
EndProject
Project("{FAE04EC0-301F-11D3-BF4B-00C04F79EFBC}") = "WalletSystem.Infrastructure", "WalletSystem.Infrastructure\WalletSystem.Infrastructure.csproj", "{A4B686BF-AD3D-4D4A-8AEF-5EC9373270C1}"
EndProject
Project("{FAE04EC0-301F-11D3-BF4B-00C04F79EFBC}") = "WalletSystem.Api", "WalletSystem.Api\WalletSystem.Api.csproj", "{C67C4BAC-B154-4F07-950A-08C272F3C9CA}"
EndProject
Project("{FAE04EC0-301F-11D3-BF4B-00C04F79EFBC}") = "WalletSystem.Shared", "WalletSystem.Shared\WalletSystem.Shared.csproj", "{0D5F4116-D8A2-4DEB-B60F-6896570F2D94}"
EndProject
Project("{FAE04EC0-301F-11D3-BF4B-00C04F79EFBC}") = "WalletSystem.Tests", "WalletSystem.Tests\WalletSystem.Tests.csproj", "{C355FF6F-28CC-4446-930F-3E701B7C4989}"
EndProject
Project("{FAE04EC0-301F-11D3-BF4B-00C04F79EFBC}") = "WalletSystem.Demo.Shared", "WalletSystem.Demo.Shared\WalletSystem.Demo.Shared.csproj", "{AF24E242-E3CD-4221-BE64-8E47C7597D54}"
EndProject
Project("{FAE04EC0-301F-11D3-BF4B-00C04F79EFBC}") = "WalletSystem.Demo.Daemon", "WalletSystem.Demo.Daemon\WalletSystem.Demo.Daemon.csproj", "{0451A260-4FA3-4E2E-9595-B3C1FD376C5A}"
EndProject
Project("{FAE04EC0-301F-11D3-BF4B-00C04F79EFBC}") = "WalletSystem.Demo.Client", "WalletSystem.Demo.Client\WalletSystem.Demo.Client.csproj", "{4070953F-3A48-4D17-90E2-6FB80DE46B0E}"
EndProject
Project("{FAE04EC0-301F-11D3-BF4B-00C04F79EFBC}") = "WalletSystem.Worker.EventListeners", "WalletSystem.Worker.EventListeners\WalletSystem.Worker.EventListeners.csproj", "{75AA1686-7EFC-4865-A897-943D7B0E23C3}"
EndProject
Project("{FAE04EC0-301F-11D3-BF4B-00C04F79EFBC}") = "WalletSystem.Worker.Mail", "WalletSystem.Worker.Mail\WalletSystem.Worker.Mail.csproj", "{0DCC27F6-CBEF-40E7-87FA-108CF084B06E}"
EndProject
Global
	GlobalSection(SolutionConfigurationPlatforms) = preSolution
		Debug|Any CPU = Debug|Any CPU
		Release|Any CPU = Release|Any CPU
	EndGlobalSection
	GlobalSection(ProjectConfigurationPlatforms) = postSolution
		{F4F04693-9798-42A2-89EC-5B6BF53956AE}.Debug|Any CPU.ActiveCfg = Debug|Any CPU
		{F4F04693-9798-42A2-89EC-5B6BF53956AE}.Debug|Any CPU.Build.0 = Debug|Any CPU
		{F4F04693-9798-42A2-89EC-5B6BF53956AE}.Release|Any CPU.ActiveCfg = Release|Any CPU
		{F4F04693-9798-42A2-89EC-5B6BF53956AE}.Release|Any CPU.Build.0 = Release|Any CPU
		{5B6DFD72-3838-418D-B352-A6FBF520F01D}.Debug|Any CPU.ActiveCfg = Debug|Any CPU
		{5B6DFD72-3838-418D-B352-A6FBF520F01D}.Debug|Any CPU.Build.0 = Debug|Any CPU
		{5B6DFD72-3838-418D-B352-A6FBF520F01D}.Release|Any CPU.ActiveCfg = Release|Any CPU
		{5B6DFD72-3838-418D-B352-A6FBF520F01D}.Release|Any CPU.Build.0 = Release|Any CPU
		{A4B686BF-AD3D-4D4A-8AEF-5EC9373270C1}.Debug|Any CPU.ActiveCfg = Debug|Any CPU
		{A4B686BF-AD3D-4D4A-8AEF-5EC9373270C1}.Debug|Any CPU.Build.0 = Debug|Any CPU
		{A4B686BF-AD3D-4D4A-8AEF-5EC9373270C1}.Release|Any CPU.ActiveCfg = Release|Any CPU
		{A4B686BF-AD3D-4D4A-8AEF-5EC9373270C1}.Release|Any CPU.Build.0 = Release|Any CPU
		{C67C4BAC-B154-4F07-950A-08C272F3C9CA}.Debug|Any CPU.ActiveCfg = Debug|Any CPU
		{C67C4BAC-B154-4F07-950A-08C272F3C9CA}.Debug|Any CPU.Build.0 = Debug|Any CPU
		{C67C4BAC-B154-4F07-950A-08C272F3C9CA}.Release|Any CPU.ActiveCfg = Release|Any CPU
		{C67C4BAC-B154-4F07-950A-08C272F3C9CA}.Release|Any CPU.Build.0 = Release|Any CPU
		{0D5F4116-D8A2-4DEB-B60F-6896570F2D94}.Debug|Any CPU.ActiveCfg = Debug|Any CPU
		{0D5F4116-D8A2-4DEB-B60F-6896570F2D94}.Debug|Any CPU.Build.0 = Debug|Any CPU
		{0D5F4116-D8A2-4DEB-B60F-6896570F2D94}.Release|Any CPU.ActiveCfg = Release|Any CPU
		{0D5F4116-D8A2-4DEB-B60F-6896570F2D94}.Release|Any CPU.Build.0 = Release|Any CPU
		{C355FF6F-28CC-4446-930F-3E701B7C4989}.Debug|Any CPU.ActiveCfg = Debug|Any CPU
		{C355FF6F-28CC-4446-930F-3E701B7C4989}.Debug|Any CPU.Build.0 = Debug|Any CPU
		{C355FF6F-28CC-4446-930F-3E701B7C4989}.Release|Any CPU.ActiveCfg = Release|Any CPU
		{C355FF6F-28CC-4446-930F-3E701B7C4989}.Release|Any CPU.Build.0 = Release|Any CPU
		{AF24E242-E3CD-4221-BE64-8E47C7597D54}.Debug|Any CPU.ActiveCfg = Debug|Any CPU
		{AF24E242-E3CD-4221-BE64-8E47C7597D54}.Debug|Any CPU.Build.0 = Debug|Any CPU
		{AF24E242-E3CD-4221-BE64-8E47C7597D54}.Release|Any CPU.ActiveCfg = Release|Any CPU
		{AF24E242-E3CD-4221-BE64-8E47C7597D54}.Release|Any CPU.Build.0 = Release|Any CPU
		{0451A260-4FA3-4E2E-9595-B3C1FD376C5A}.Debug|Any CPU.ActiveCfg = Debug|Any CPU
		{0451A260-4FA3-4E2E-9595-B3C1FD376C5A}.Debug|Any CPU.Build.0 = Debug|Any CPU
		{0451A260-4FA3-4E2E-9595-B3C1FD376C5A}.Release|Any CPU.ActiveCfg = Release|Any CPU
		{0451A260-4FA3-4E2E-9595-B3C1FD376C5A}.Release|Any CPU.Build.0 = Release|Any CPU
		{4070953F-3A48-4D17-90E2-6FB80DE46B0E}.Debug|Any CPU.ActiveCfg = Debug|Any CPU
		{4070953F-3A48-4D17-90E2-6FB80DE46B0E}.Debug|Any CPU.Build.0 = Debug|Any CPU
		{4070953F-3A48-4D17-90E2-6FB80DE46B0E}.Release|Any CPU.ActiveCfg = Release|Any CPU
		{4070953F-3A48-4D17-90E2-6FB80DE46B0E}.Release|Any CPU.Build.0 = Release|Any CPU
		{75AA1686-7EFC-4865-A897-943D7B0E23C3}.Debug|Any CPU.ActiveCfg = Debug|Any CPU
		{75AA1686-7EFC-4865-A897-943D7B0E23C3}.Debug|Any CPU.Build.0 = Debug|Any CPU
		{75AA1686-7EFC-4865-A897-943D7B0E23C3}.Release|Any CPU.ActiveCfg = Release|Any CPU
		{75AA1686-7EFC-4865-A897-943D7B0E23C3}.Release|Any CPU.Build.0 = Release|Any CPU
		{0DCC27F6-CBEF-40E7-87FA-108CF084B06E}.Debug|Any CPU.ActiveCfg = Debug|Any CPU
		{0DCC27F6-CBEF-40E7-87FA-108CF084B06E}.Debug|Any CPU.Build.0 = Debug|Any CPU
		{0DCC27F6-CBEF-40E7-87FA-108CF084B06E}.Release|Any CPU.ActiveCfg = Release|Any CPU
		{0DCC27F6-CBEF-40E7-87FA-108CF084B06E}.Release|Any CPU.Build.0 = Release|Any CPU
	EndGlobalSection
	GlobalSection(SolutionProperties) = preSolution
		HideSolutionNode = FALSE
	EndGlobalSection
	GlobalSection(NestedProjects) = preSolution
		{F4F04693-9798-42A2-89EC-5B6BF53956AE} = {BB00D980-1F8A-4FED-81E4-EFCF82EC372D}
		{5B6DFD72-3838-418D-B352-A6FBF520F01D} = {BB00D980-1F8A-4FED-81E4-EFCF82EC372D}
		{A4B686BF-AD3D-4D4A-8AEF-5EC9373270C1} = {BB00D980-1F8A-4FED-81E4-EFCF82EC372D}
		{C67C4BAC-B154-4F07-950A-08C272F3C9CA} = {BB00D980-1F8A-4FED-81E4-EFCF82EC372D}
		{0D5F4116-D8A2-4DEB-B60F-6896570F2D94} = {BB00D980-1F8A-4FED-81E4-EFCF82EC372D}
		{C355FF6F-28CC-4446-930F-3E701B7C4989} = {BB00D980-1F8A-4FED-81E4-EFCF82EC372D}
		{AF24E242-E3CD-4221-BE64-8E47C7597D54} = {BB00D980-1F8A-4FED-81E4-EFCF82EC372D}
		{0451A260-4FA3-4E2E-9595-B3C1FD376C5A} = {BB00D980-1F8A-4FED-81E4-EFCF82EC372D}
		{4070953F-3A48-4D17-90E2-6FB80DE46B0E} = {BB00D980-1F8A-4FED-81E4-EFCF82EC372D}
		{75AA1686-7EFC-4865-A897-943D7B0E23C3} = {BB00D980-1F8A-4FED-81E4-EFCF82EC372D}
		{0DCC27F6-CBEF-40E7-87FA-108CF084B06E} = {BB00D980-1F8A-4FED-81E4-EFCF82EC372D}
	EndGlobalSection
EndGlobal
